
Microsoft Visual Studio Solution File, Format Version 12.00
# Visual Studio Version 17
VisualStudioVersion = 17.12.35707.178
MinimumVisualStudioVersion = 10.0.40219.1
Project("{FAE04EC0-301F-11D3-BF4B-00C04F79EFBC}") = "MarsExploration", "MarsExploration.csproj", "{9AF58F0A-0284-4628-B099-095EC9C8D5D8}"
EndProject
Project("{FAE04EC0-301F-11D3-BF4B-00C04F79EFBC}") = "MarsExploration.Test", "..\MarsExploration.Test\MarsExploration.Test.csproj", "{A1C8770F-9780-4D32-A3E1-438328B6A1BA}"
EndProject
Global
	GlobalSection(SolutionConfigurationPlatforms) = preSolution
		Debug|Any CPU = Debug|Any CPU
		Release|Any CPU = Release|Any CPU
	EndGlobalSection
	GlobalSection(ProjectConfigurationPlatforms) = postSolution
		{9AF58F0A-0284-4628-B099-095EC9C8D5D8}.Debug|Any CPU.ActiveCfg = Debug|Any CPU
		{9AF58F0A-0284-4628-B099-095EC9C8D5D8}.Debug|Any CPU.Build.0 = Debug|Any CPU
		{9AF58F0A-0284-4628-B099-095EC9C8D5D8}.Release|Any CPU.ActiveCfg = Release|Any CPU
		{9AF58F0A-0284-4628-B099-095EC9C8D5D8}.Release|Any CPU.Build.0 = Release|Any CPU
		{A1C8770F-9780-4D32-A3E1-438328B6A1BA}.Debug|Any CPU.ActiveCfg = Debug|Any CPU
		{A1C8770F-9780-4D32-A3E1-438328B6A1BA}.Debug|Any CPU.Build.0 = Debug|Any CPU
		{A1C8770F-9780-4D32-A3E1-438328B6A1BA}.Release|Any CPU.ActiveCfg = Release|Any CPU
		{A1C8770F-9780-4D32-A3E1-438328B6A1BA}.Release|Any CPU.Build.0 = Release|Any CPU
	EndGlobalSection
	GlobalSection(SolutionProperties) = preSolution
		HideSolutionNode = FALSE
	EndGlobalSection
	GlobalSection(ExtensibilityGlobals) = postSolution
		SolutionGuid = {48CEB941-8A49-446E-A7E9-A6E1D50F298A}
	EndGlobalSection
EndGlobal
